// !$*UTF8*$!
{
	archiveVersion = 1;
	classes = {
	};
	objectVersion = 77;
	objects = {

/* Begin PBXBuildFile section */
		FB1B40F92E20B18500EAF4AD /* ShiftEnterHelper Extension.appex in Embed Foundation Extensions */ = {isa = PBXBuildFile; fileRef = FB1B40F82E20B18500EAF4AD /* ShiftEnterHelper Extension.appex */; settings = {ATTRIBUTES = (RemoveHeadersOnCopy, ); }; };
/* End PBXBuildFile section */

/* Begin PBXContainerItemProxy section */
		FB1B40E32E20B18500EAF4AD /* PBXContainerItemProxy */ = {
			isa = PBXContainerItemProxy;
			containerPortal = FB1B40BE2E20B18400EAF4AD /* Project object */;
			proxyType = 1;
			remoteGlobalIDString = FB1B40C52E20B18400EAF4AD;
			remoteInfo = ShiftEnterHelper;
		};
		FB1B40ED2E20B18500EAF4AD /* PBXContainerItemProxy */ = {
			isa = PBXContainerItemProxy;
			containerPortal = FB1B40BE2E20B18400EAF4AD /* Project object */;
			proxyType = 1;
			remoteGlobalIDString = FB1B40C52E20B18400EAF4AD;
			remoteInfo = ShiftEnterHelper;
		};
		FB1B40FA2E20B18500EAF4AD /* PBXContainerItemProxy */ = {
			isa = PBXContainerItemProxy;
			containerPortal = FB1B40BE2E20B18400EAF4AD /* Project object */;
			proxyType = 1;
			remoteGlobalIDString = FB1B40F72E20B18500EAF4AD;
			remoteInfo = "ShiftEnterHelper Extension";
		};
/* End PBXContainerItemProxy section */

/* Begin PBXCopyFilesBuildPhase section */
		FB1B41182E20B18500EAF4AD /* Embed Foundation Extensions */ = {
			isa = PBXCopyFilesBuildPhase;
			buildActionMask = 2147483647;
			dstPath = "";
			dstSubfolderSpec = 13;
			files = (
				FB1B40F92E20B18500EAF4AD /* ShiftEnterHelper Extension.appex in Embed Foundation Extensions */,
			);
			name = "Embed Foundation Extensions";
			runOnlyForDeploymentPostprocessing = 0;
		};
/* End PBXCopyFilesBuildPhase section */

/* Begin PBXFileReference section */
		FB1B40C62E20B18400EAF4AD /* ShiftEnterHelper.app */ = {isa = PBXFileReference; explicitFileType = wrapper.application; includeInIndex = 0; path = ShiftEnterHelper.app; sourceTree = BUILT_PRODUCTS_DIR; };
		FB1B40E22E20B18500EAF4AD /* ShiftEnterHelperTests.xctest */ = {isa = PBXFileReference; explicitFileType = wrapper.cfbundle; includeInIndex = 0; path = ShiftEnterHelperTests.xctest; sourceTree = BUILT_PRODUCTS_DIR; };
		FB1B40EC2E20B18500EAF4AD /* ShiftEnterHelperUITests.xctest */ = {isa = PBXFileReference; explicitFileType = wrapper.cfbundle; includeInIndex = 0; path = ShiftEnterHelperUITests.xctest; sourceTree = BUILT_PRODUCTS_DIR; };
		FB1B40F82E20B18500EAF4AD /* ShiftEnterHelper Extension.appex */ = {isa = PBXFileReference; explicitFileType = "wrapper.app-extension"; includeInIndex = 0; path = "ShiftEnterHelper Extension.appex"; sourceTree = BUILT_PRODUCTS_DIR; };
/* End PBXFileReference section */

/* Begin PBXFileSystemSynchronizedBuildFileExceptionSet section */
		FB1B41122E20B18500EAF4AD /* Exceptions for "ShiftEnterHelper Extension" folder in "ShiftEnterHelper Extension" target */ = {
			isa = PBXFileSystemSynchronizedBuildFileExceptionSet;
			membershipExceptions = (
				Info.plist,
			);
			target = FB1B40F72E20B18500EAF4AD /* ShiftEnterHelper Extension */;
		};
/* End PBXFileSystemSynchronizedBuildFileExceptionSet section */

/* Begin PBXFileSystemSynchronizedRootGroup section */
		FB1B40C82E20B18400EAF4AD /* ShiftEnterHelper */ = {
			isa = PBXFileSystemSynchronizedRootGroup;
			path = ShiftEnterHelper;
			sourceTree = "<group>";
		};
		FB1B40E52E20B18500EAF4AD /* ShiftEnterHelperTests */ = {
			isa = PBXFileSystemSynchronizedRootGroup;
			path = ShiftEnterHelperTests;
			sourceTree = "<group>";
		};
		FB1B40EF2E20B18500EAF4AD /* ShiftEnterHelperUITests */ = {
			isa = PBXFileSystemSynchronizedRootGroup;
			path = ShiftEnterHelperUITests;
			sourceTree = "<group>";
		};
		FB1B40FC2E20B18500EAF4AD /* ShiftEnterHelper Extension */ = {
			isa = PBXFileSystemSynchronizedRootGroup;
			exceptions = (
				FB1B41122E20B18500EAF4AD /* Exceptions for "ShiftEnterHelper Extension" folder in "ShiftEnterHelper Extension" target */,
			);
			explicitFolders = (
				Resources/_locales,
				Resources/images,
			);
			path = "ShiftEnterHelper Extension";
			sourceTree = "<group>";
		};
/* End PBXFileSystemSynchronizedRootGroup section */

/* Begin PBXFrameworksBuildPhase section */
		FB1B40C32E20B18400EAF4AD /* Frameworks */ = {
			isa = PBXFrameworksBuildPhase;
			buildActionMask = 2147483647;
			files = (
			);
			runOnlyForDeploymentPostprocessing = 0;
		};
		FB1B40DF2E20B18500EAF4AD /* Frameworks */ = {
			isa = PBXFrameworksBuildPhase;
			buildActionMask = 2147483647;
			files = (
			);
			runOnlyForDeploymentPostprocessing = 0;
		};
		FB1B40E92E20B18500EAF4AD /* Frameworks */ = {
			isa = PBXFrameworksBuildPhase;
			buildActionMask = 2147483647;
			files = (
			);
			runOnlyForDeploymentPostprocessing = 0;
		};
		FB1B40F52E20B18500EAF4AD /* Frameworks */ = {
			isa = PBXFrameworksBuildPhase;
			buildActionMask = 2147483647;
			files = (
			);
			runOnlyForDeploymentPostprocessing = 0;
		};
/* End PBXFrameworksBuildPhase section */

/* Begin PBXGroup section */
		FB1B40BD2E20B18400EAF4AD = {
			isa = PBXGroup;
			children = (
				FB1B40C82E20B18400EAF4AD /* ShiftEnterHelper */,
				FB1B40E52E20B18500EAF4AD /* ShiftEnterHelperTests */,
				FB1B40EF2E20B18500EAF4AD /* ShiftEnterHelperUITests */,
				FB1B40FC2E20B18500EAF4AD /* ShiftEnterHelper Extension */,
				FB1B40C72E20B18400EAF4AD /* Products */,
			);
			sourceTree = "<group>";
		};
		FB1B40C72E20B18400EAF4AD /* Products */ = {
			isa = PBXGroup;
			children = (
				FB1B40C62E20B18400EAF4AD /* ShiftEnterHelper.app */,
				FB1B40E22E20B18500EAF4AD /* ShiftEnterHelperTests.xctest */,
				FB1B40EC2E20B18500EAF4AD /* ShiftEnterHelperUITests.xctest */,
				FB1B40F82E20B18500EAF4AD /* ShiftEnterHelper Extension.appex */,
			);
			name = Products;
			sourceTree = "<group>";
		};
/* End PBXGroup section */

/* Begin PBXNativeTarget section */
		FB1B40C52E20B18400EAF4AD /* ShiftEnterHelper */ = {
			isa = PBXNativeTarget;
			buildConfigurationList = FB1B41192E20B18500EAF4AD /* Build configuration list for PBXNativeTarget "ShiftEnterHelper" */;
			buildPhases = (
				FB1B40C22E20B18400EAF4AD /* Sources */,
				FB1B40C32E20B18400EAF4AD /* Frameworks */,
				FB1B40C42E20B18400EAF4AD /* Resources */,
				FB1B41182E20B18500EAF4AD /* Embed Foundation Extensions */,
			);
			buildRules = (
			);
			dependencies = (
				FB1B40FB2E20B18500EAF4AD /* PBXTargetDependency */,
			);
			fileSystemSynchronizedGroups = (
				FB1B40C82E20B18400EAF4AD /* ShiftEnterHelper */,
			);
			name = ShiftEnterHelper;
			packageProductDependencies = (
			);
			productName = ShiftEnterHelper;
			productReference = FB1B40C62E20B18400EAF4AD /* ShiftEnterHelper.app */;
			productType = "com.apple.product-type.application";
		};
		FB1B40E12E20B18500EAF4AD /* ShiftEnterHelperTests */ = {
			isa = PBXNativeTarget;
			buildConfigurationList = FB1B411C2E20B18500EAF4AD /* Build configuration list for PBXNativeTarget "ShiftEnterHelperTests" */;
			buildPhases = (
				FB1B40DE2E20B18500EAF4AD /* Sources */,
				FB1B40DF2E20B18500EAF4AD /* Frameworks */,
				FB1B40E02E20B18500EAF4AD /* Resources */,
			);
			buildRules = (
			);
			dependencies = (
				FB1B40E42E20B18500EAF4AD /* PBXTargetDependency */,
			);
			fileSystemSynchronizedGroups = (
				FB1B40E52E20B18500EAF4AD /* ShiftEnterHelperTests */,
			);
			name = ShiftEnterHelperTests;
			packageProductDependencies = (
			);
			productName = ShiftEnterHelperTests;
			productReference = FB1B40E22E20B18500EAF4AD /* ShiftEnterHelperTests.xctest */;
			productType = "com.apple.product-type.bundle.unit-test";
		};
		FB1B40EB2E20B18500EAF4AD /* ShiftEnterHelperUITests */ = {
			isa = PBXNativeTarget;
			buildConfigurationList = FB1B411F2E20B18500EAF4AD /* Build configuration list for PBXNativeTarget "ShiftEnterHelperUITests" */;
			buildPhases = (
				FB1B40E82E20B18500EAF4AD /* Sources */,
				FB1B40E92E20B18500EAF4AD /* Frameworks */,
				FB1B40EA2E20B18500EAF4AD /* Resources */,
			);
			buildRules = (
			);
			dependencies = (
				FB1B40EE2E20B18500EAF4AD /* PBXTargetDependency */,
			);
			fileSystemSynchronizedGroups = (
				FB1B40EF2E20B18500EAF4AD /* ShiftEnterHelperUITests */,
			);
			name = ShiftEnterHelperUITests;
			packageProductDependencies = (
			);
			productName = ShiftEnterHelperUITests;
			productReference = FB1B40EC2E20B18500EAF4AD /* ShiftEnterHelperUITests.xctest */;
			productType = "com.apple.product-type.bundle.ui-testing";
		};
		FB1B40F72E20B18500EAF4AD /* ShiftEnterHelper Extension */ = {
			isa = PBXNativeTarget;
			buildConfigurationList = FB1B41132E20B18500EAF4AD /* Build configuration list for PBXNativeTarget "ShiftEnterHelper Extension" */;
			buildPhases = (
				FB1B40F42E20B18500EAF4AD /* Sources */,
				FB1B40F52E20B18500EAF4AD /* Frameworks */,
				FB1B40F62E20B18500EAF4AD /* Resources */,
			);
			buildRules = (
			);
			dependencies = (
			);
			fileSystemSynchronizedGroups = (
				FB1B40FC2E20B18500EAF4AD /* ShiftEnterHelper Extension */,
			);
			name = "ShiftEnterHelper Extension";
			packageProductDependencies = (
			);
			productName = "ShiftEnterHelper Extension";
			productReference = FB1B40F82E20B18500EAF4AD /* ShiftEnterHelper Extension.appex */;
			productType = "com.apple.product-type.app-extension";
		};
/* End PBXNativeTarget section */

/* Begin PBXProject section */
		FB1B40BE2E20B18400EAF4AD /* Project object */ = {
			isa = PBXProject;
			attributes = {
				BuildIndependentTargetsInParallel = 1;
				LastSwiftUpdateCheck = 1640;
				LastUpgradeCheck = 1640;
				TargetAttributes = {
					FB1B40C52E20B18400EAF4AD = {
						CreatedOnToolsVersion = 16.4;
					};
					FB1B40E12E20B18500EAF4AD = {
						CreatedOnToolsVersion = 16.4;
						TestTargetID = FB1B40C52E20B18400EAF4AD;
					};
					FB1B40EB2E20B18500EAF4AD = {
						CreatedOnToolsVersion = 16.4;
						TestTargetID = FB1B40C52E20B18400EAF4AD;
					};
					FB1B40F72E20B18500EAF4AD = {
						CreatedOnToolsVersion = 16.4;
					};
				};
			};
			buildConfigurationList = FB1B40C12E20B18400EAF4AD /* Build configuration list for PBXProject "ShiftEnterHelper" */;
			developmentRegion = en;
			hasScannedForEncodings = 0;
			knownRegions = (
				en,
				Base,
			);
			mainGroup = FB1B40BD2E20B18400EAF4AD;
			minimizedProjectReferenceProxies = 1;
			preferredProjectObjectVersion = 77;
			productRefGroup = FB1B40C72E20B18400EAF4AD /* Products */;
			projectDirPath = "";
			projectRoot = "";
			targets = (
				FB1B40C52E20B18400EAF4AD /* ShiftEnterHelper */,
				FB1B40E12E20B18500EAF4AD /* ShiftEnterHelperTests */,
				FB1B40EB2E20B18500EAF4AD /* ShiftEnterHelperUITests */,
				FB1B40F72E20B18500EAF4AD /* ShiftEnterHelper Extension */,
			);
		};
/* End PBXProject section */

/* Begin PBXResourcesBuildPhase section */
		FB1B40C42E20B18400EAF4AD /* Resources */ = {
			isa = PBXResourcesBuildPhase;
			buildActionMask = 2147483647;
			files = (
			);
			runOnlyForDeploymentPostprocessing = 0;
		};
		FB1B40E02E20B18500EAF4AD /* Resources */ = {
			isa = PBXResourcesBuildPhase;
			buildActionMask = 2147483647;
			files = (
			);
			runOnlyForDeploymentPostprocessing = 0;
		};
		FB1B40EA2E20B18500EAF4AD /* Resources */ = {
			isa = PBXResourcesBuildPhase;
			buildActionMask = 2147483647;
			files = (
			);
			runOnlyForDeploymentPostprocessing = 0;
		};
		FB1B40F62E20B18500EAF4AD /* Resources */ = {
			isa = PBXResourcesBuildPhase;
			buildActionMask = 2147483647;
			files = (
			);
			runOnlyForDeploymentPostprocessing = 0;
		};
/* End PBXResourcesBuildPhase section */

/* Begin PBXSourcesBuildPhase section */
		FB1B40C22E20B18400EAF4AD /* Sources */ = {
			isa = PBXSourcesBuildPhase;
			buildActionMask = 2147483647;
			files = (
			);
			runOnlyForDeploymentPostprocessing = 0;
		};
		FB1B40DE2E20B18500EAF4AD /* Sources */ = {
			isa = PBXSourcesBuildPhase;
			buildActionMask = 2147483647;
			files = (
			);
			runOnlyForDeploymentPostprocessing = 0;
		};
		FB1B40E82E20B18500EAF4AD /* Sources */ = {
			isa = PBXSourcesBuildPhase;
			buildActionMask = 2147483647;
			files = (
			);
			runOnlyForDeploymentPostprocessing = 0;
		};
		FB1B40F42E20B18500EAF4AD /* Sources */ = {
			isa = PBXSourcesBuildPhase;
			buildActionMask = 2147483647;
			files = (
			);
			runOnlyForDeploymentPostprocessing = 0;
		};
/* End PBXSourcesBuildPhase section */

/* Begin PBXTargetDependency section */
		FB1B40E42E20B18500EAF4AD /* PBXTargetDependency */ = {
			isa = PBXTargetDependency;
			target = FB1B40C52E20B18400EAF4AD /* ShiftEnterHelper */;
			targetProxy = FB1B40E32E20B18500EAF4AD /* PBXContainerItemProxy */;
		};
		FB1B40EE2E20B18500EAF4AD /* PBXTargetDependency */ = {
			isa = PBXTargetDependency;
			target = FB1B40C52E20B18400EAF4AD /* ShiftEnterHelper */;
			targetProxy = FB1B40ED2E20B18500EAF4AD /* PBXContainerItemProxy */;
		};
		FB1B40FB2E20B18500EAF4AD /* PBXTargetDependency */ = {
			isa = PBXTargetDependency;
			target = FB1B40F72E20B18500EAF4AD /* ShiftEnterHelper Extension */;
			targetProxy = FB1B40FA2E20B18500EAF4AD /* PBXContainerItemProxy */;
		};
/* End PBXTargetDependency section */

/* Begin XCBuildConfiguration section */
		FB1B41142E20B18500EAF4AD /* Debug */ = {
			isa = XCBuildConfiguration;
			buildSettings = {
				CODE_SIGN_ENTITLEMENTS = "ShiftEnterHelper Extension/ShiftEnterHelper_Extension.entitlements";
				CODE_SIGN_STYLE = Automatic;
				CURRENT_PROJECT_VERSION = 1;
				DEVELOPMENT_TEAM = 9WSY8RDNUZ;
				ENABLE_HARDENED_RUNTIME = YES;
				GENERATE_INFOPLIST_FILE = YES;
				INFOPLIST_FILE = "ShiftEnterHelper Extension/Info.plist";
				INFOPLIST_KEY_CFBundleDisplayName = "ShiftEnterHelper Extension";
				INFOPLIST_KEY_NSHumanReadableCopyright = "";
				LD_RUNPATH_SEARCH_PATHS = (
					"$(inherited)",
					"@executable_path/../Frameworks",
					"@executable_path/../../../../Frameworks",
				);
				MACOSX_DEPLOYMENT_TARGET = 10.14;
				MARKETING_VERSION = 1.0;
				OTHER_LDFLAGS = (
					"-framework",
					SafariServices,
				);
				PRODUCT_BUNDLE_IDENTIFIER = dev.shirokuma89.ShiftEnterHelper.Extension;
				PRODUCT_NAME = "$(TARGET_NAME)";
				SKIP_INSTALL = YES;
				SWIFT_EMIT_LOC_STRINGS = YES;
				SWIFT_VERSION = 5.0;
			};
			name = Debug;
		};
		FB1B41152E20B18500EAF4AD /* Release */ = {
			isa = XCBuildConfiguration;
			buildSettings = {
				CODE_SIGN_ENTITLEMENTS = "ShiftEnterHelper Extension/ShiftEnterHelper_Extension.entitlements";
				CODE_SIGN_STYLE = Automatic;
				CURRENT_PROJECT_VERSION = 1;
				DEVELOPMENT_TEAM = 9WSY8RDNUZ;
				ENABLE_HARDENED_RUNTIME = YES;
				GENERATE_INFOPLIST_FILE = YES;
				INFOPLIST_FILE = "ShiftEnterHelper Extension/Info.plist";
				INFOPLIST_KEY_CFBundleDisplayName = "ShiftEnterHelper Extension";
				INFOPLIST_KEY_NSHumanReadableCopyright = "";
				LD_RUNPATH_SEARCH_PATHS = (
					"$(inherited)",
					"@executable_path/../Frameworks",
					"@executable_path/../../../../Frameworks",
				);
				MACOSX_DEPLOYMENT_TARGET = 10.14;
				MARKETING_VERSION = 1.0;
				OTHER_LDFLAGS = (
					"-framework",
					SafariServices,
				);
				PRODUCT_BUNDLE_IDENTIFIER = dev.shirokuma89.ShiftEnterHelper.Extension;
				PRODUCT_NAME = "$(TARGET_NAME)";
				SKIP_INSTALL = YES;
				SWIFT_EMIT_LOC_STRINGS = YES;
				SWIFT_VERSION = 5.0;
			};
			name = Release;
		};
		FB1B41162E20B18500EAF4AD /* Debug */ = {
			isa = XCBuildConfiguration;
			buildSettings = {
				ALWAYS_SEARCH_USER_PATHS = NO;
				ASSETCATALOG_COMPILER_GENERATE_SWIFT_ASSET_SYMBOL_EXTENSIONS = YES;
				CLANG_ANALYZER_NONNULL = YES;
				CLANG_ANALYZER_NUMBER_OBJECT_CONVERSION = YES_AGGRESSIVE;
				CLANG_CXX_LANGUAGE_STANDARD = "gnu++20";
				CLANG_ENABLE_MODULES = YES;
				CLANG_ENABLE_OBJC_ARC = YES;
				CLANG_ENABLE_OBJC_WEAK = YES;
				CLANG_WARN_BLOCK_CAPTURE_AUTORELEASING = YES;
				CLANG_WARN_BOOL_CONVERSION = YES;
				CLANG_WARN_COMMA = YES;
				CLANG_WARN_CONSTANT_CONVERSION = YES;
				CLANG_WARN_DEPRECATED_OBJC_IMPLEMENTATIONS = YES;
				CLANG_WARN_DIRECT_OBJC_ISA_USAGE = YES_ERROR;
				CLANG_WARN_DOCUMENTATION_COMMENTS = YES;
				CLANG_WARN_EMPTY_BODY = YES;
				CLANG_WARN_ENUM_CONVERSION = YES;
				CLANG_WARN_INFINITE_RECURSION = YES;
				CLANG_WARN_INT_CONVERSION = YES;
				CLANG_WARN_NON_LITERAL_NULL_CONVERSION = YES;
				CLANG_WARN_OBJC_IMPLICIT_RETAIN_SELF = YES;
				CLANG_WARN_OBJC_LITERAL_CONVERSION = YES;
				CLANG_WARN_OBJC_ROOT_CLASS = YES_ERROR;
				CLANG_WARN_QUOTED_INCLUDE_IN_FRAMEWORK_HEADER = YES;
				CLANG_WARN_RANGE_LOOP_ANALYSIS = YES;
				CLANG_WARN_STRICT_PROTOTYPES = YES;
				CLANG_WARN_SUSPICIOUS_MOVE = YES;
				CLANG_WARN_UNGUARDED_AVAILABILITY = YES_AGGRESSIVE;
				CLANG_WARN_UNREACHABLE_CODE = YES;
				CLANG_WARN__DUPLICATE_METHOD_MATCH = YES;
				COPY_PHASE_STRIP = NO;
				DEBUG_INFORMATION_FORMAT = dwarf;
				DEVELOPMENT_TEAM = 9WSY8RDNUZ;
				ENABLE_STRICT_OBJC_MSGSEND = YES;
				ENABLE_TESTABILITY = YES;
				ENABLE_USER_SCRIPT_SANDBOXING = YES;
				GCC_C_LANGUAGE_STANDARD = gnu17;
				GCC_DYNAMIC_NO_PIC = NO;
				GCC_NO_COMMON_BLOCKS = YES;
				GCC_OPTIMIZATION_LEVEL = 0;
				GCC_PREPROCESSOR_DEFINITIONS = (
					"DEBUG=1",
					"$(inherited)",
				);
				GCC_WARN_64_TO_32_BIT_CONVERSION = YES;
				GCC_WARN_ABOUT_RETURN_TYPE = YES_ERROR;
				GCC_WARN_UNDECLARED_SELECTOR = YES;
				GCC_WARN_UNINITIALIZED_AUTOS = YES_AGGRESSIVE;
				GCC_WARN_UNUSED_FUNCTION = YES;
				GCC_WARN_UNUSED_VARIABLE = YES;
				LOCALIZATION_PREFERS_STRING_CATALOGS = YES;
				MACOSX_DEPLOYMENT_TARGET = 15.5;
				MTL_ENABLE_DEBUG_INFO = INCLUDE_SOURCE;
				MTL_FAST_MATH = YES;
				ONLY_ACTIVE_ARCH = YES;
				SDKROOT = macosx;
				SWIFT_ACTIVE_COMPILATION_CONDITIONS = "DEBUG $(inherited)";
				SWIFT_OPTIMIZATION_LEVEL = "-Onone";
			};
			name = Debug;
		};
		FB1B41172E20B18500EAF4AD /* Release */ = {
			isa = XCBuildConfiguration;
			buildSettings = {
				ALWAYS_SEARCH_USER_PATHS = NO;
				ASSETCATALOG_COMPILER_GENERATE_SWIFT_ASSET_SYMBOL_EXTENSIONS = YES;
				CLANG_ANALYZER_NONNULL = YES;
				CLANG_ANALYZER_NUMBER_OBJECT_CONVERSION = YES_AGGRESSIVE;
				CLANG_CXX_LANGUAGE_STANDARD = "gnu++20";
				CLANG_ENABLE_MODULES = YES;
				CLANG_ENABLE_OBJC_ARC = YES;
				CLANG_ENABLE_OBJC_WEAK = YES;
				CLANG_WARN_BLOCK_CAPTURE_AUTORELEASING = YES;
				CLANG_WARN_BOOL_CONVERSION = YES;
				CLANG_WARN_COMMA = YES;
				CLANG_WARN_CONSTANT_CONVERSION = YES;
				CLANG_WARN_DEPRECATED_OBJC_IMPLEMENTATIONS = YES;
				CLANG_WARN_DIRECT_OBJC_ISA_USAGE = YES_ERROR;
				CLANG_WARN_DOCUMENTATION_COMMENTS = YES;
				CLANG_WARN_EMPTY_BODY = YES;
				CLANG_WARN_ENUM_CONVERSION = YES;
				CLANG_WARN_INFINITE_RECURSION = YES;
				CLANG_WARN_INT_CONVERSION = YES;
				CLANG_WARN_NON_LITERAL_NULL_CONVERSION = YES;
				CLANG_WARN_OBJC_IMPLICIT_RETAIN_SELF = YES;
				CLANG_WARN_OBJC_LITERAL_CONVERSION = YES;
				CLANG_WARN_OBJC_ROOT_CLASS = YES_ERROR;
				CLANG_WARN_QUOTED_INCLUDE_IN_FRAMEWORK_HEADER = YES;
				CLANG_WARN_RANGE_LOOP_ANALYSIS = YES;
				CLANG_WARN_STRICT_PROTOTYPES = YES;
				CLANG_WARN_SUSPICIOUS_MOVE = YES;
				CLANG_WARN_UNGUARDED_AVAILABILITY = YES_AGGRESSIVE;
				CLANG_WARN_UNREACHABLE_CODE = YES;
				CLANG_WARN__DUPLICATE_METHOD_MATCH = YES;
				COPY_PHASE_STRIP = NO;
				DEBUG_INFORMATION_FORMAT = "dwarf-with-dsym";
				DEVELOPMENT_TEAM = 9WSY8RDNUZ;
				ENABLE_NS_ASSERTIONS = NO;
				ENABLE_STRICT_OBJC_MSGSEND = YES;
				ENABLE_USER_SCRIPT_SANDBOXING = YES;
				GCC_C_LANGUAGE_STANDARD = gnu17;
				GCC_NO_COMMON_BLOCKS = YES;
				GCC_WARN_64_TO_32_BIT_CONVERSION = YES;
				GCC_WARN_ABOUT_RETURN_TYPE = YES_ERROR;
				GCC_WARN_UNDECLARED_SELECTOR = YES;
				GCC_WARN_UNINITIALIZED_AUTOS = YES_AGGRESSIVE;
				GCC_WARN_UNUSED_FUNCTION = YES;
				GCC_WARN_UNUSED_VARIABLE = YES;
				LOCALIZATION_PREFERS_STRING_CATALOGS = YES;
				MACOSX_DEPLOYMENT_TARGET = 15.5;
				MTL_ENABLE_DEBUG_INFO = NO;
				MTL_FAST_MATH = YES;
				SDKROOT = macosx;
				SWIFT_COMPILATION_MODE = wholemodule;
			};
			name = Release;
		};
		FB1B411A2E20B18500EAF4AD /* Debug */ = {
			isa = XCBuildConfiguration;
			buildSettings = {
				ASSETCATALOG_COMPILER_APPICON_NAME = AppIcon;
				ASSETCATALOG_COMPILER_GLOBAL_ACCENT_COLOR_NAME = AccentColor;
				CODE_SIGN_ENTITLEMENTS = ShiftEnterHelper/ShiftEnterHelper.entitlements;
				CODE_SIGN_STYLE = Automatic;
				COMBINE_HIDPI_IMAGES = YES;
				CURRENT_PROJECT_VERSION = 1;
				DEVELOPMENT_TEAM = 9WSY8RDNUZ;
				ENABLE_HARDENED_RUNTIME = YES;
				GENERATE_INFOPLIST_FILE = YES;
				INFOPLIST_KEY_CFBundleDisplayName = ShiftEnterHelper;
				INFOPLIST_KEY_NSHumanReadableCopyright = "";
				INFOPLIST_KEY_NSMainStoryboardFile = Main;
				INFOPLIST_KEY_NSPrincipalClass = NSApplication;
				LD_RUNPATH_SEARCH_PATHS = (
					"$(inherited)",
					"@executable_path/../Frameworks",
				);
				MACOSX_DEPLOYMENT_TARGET = 10.14;
				MARKETING_VERSION = 1.0;
				OTHER_LDFLAGS = (
					"-framework",
					SafariServices,
					"-framework",
					WebKit,
				);
				PRODUCT_BUNDLE_IDENTIFIER = dev.shirokuma89.ShiftEnterHelper;
				PRODUCT_NAME = "$(TARGET_NAME)";
				REGISTER_APP_GROUPS = YES;
				SWIFT_EMIT_LOC_STRINGS = YES;
				SWIFT_VERSION = 5.0;
			};
			name = Debug;
		};
		FB1B411B2E20B18500EAF4AD /* Release */ = {
			isa = XCBuildConfiguration;
			buildSettings = {
				ASSETCATALOG_COMPILER_APPICON_NAME = AppIcon;
				ASSETCATALOG_COMPILER_GLOBAL_ACCENT_COLOR_NAME = AccentColor;
				CODE_SIGN_ENTITLEMENTS = ShiftEnterHelper/ShiftEnterHelper.entitlements;
				CODE_SIGN_STYLE = Automatic;
				COMBINE_HIDPI_IMAGES = YES;
				CURRENT_PROJECT_VERSION = 1;
				DEVELOPMENT_TEAM = 9WSY8RDNUZ;
				ENABLE_HARDENED_RUNTIME = YES;
				GENERATE_INFOPLIST_FILE = YES;
				INFOPLIST_KEY_CFBundleDisplayName = ShiftEnterHelper;
				INFOPLIST_KEY_NSHumanReadableCopyright = "";
				INFOPLIST_KEY_NSMainStoryboardFile = Main;
				INFOPLIST_KEY_NSPrincipalClass = NSApplication;
				LD_RUNPATH_SEARCH_PATHS = (
					"$(inherited)",
					"@executable_path/../Frameworks",
				);
				MACOSX_DEPLOYMENT_TARGET = 10.14;
				MARKETING_VERSION = 1.0;
				OTHER_LDFLAGS = (
					"-framework",
					SafariServices,
					"-framework",
					WebKit,
				);
				PRODUCT_BUNDLE_IDENTIFIER = dev.shirokuma89.ShiftEnterHelper;
				PRODUCT_NAME = "$(TARGET_NAME)";
				REGISTER_APP_GROUPS = YES;
				SWIFT_EMIT_LOC_STRINGS = YES;
				SWIFT_VERSION = 5.0;
			};
			name = Release;
		};
		FB1B411D2E20B18500EAF4AD /* Debug */ = {
			isa = XCBuildConfiguration;
			buildSettings = {
				BUNDLE_LOADER = "$(TEST_HOST)";
				CODE_SIGN_STYLE = Automatic;
				CURRENT_PROJECT_VERSION = 1;
				DEVELOPMENT_TEAM = 9WSY8RDNUZ;
				GENERATE_INFOPLIST_FILE = YES;
				MACOSX_DEPLOYMENT_TARGET = 10.14;
				MARKETING_VERSION = 1.0;
				PRODUCT_BUNDLE_IDENTIFIER = dev.shirokuma89.ShiftEnterHelperTests;
				PRODUCT_NAME = "$(TARGET_NAME)";
				SWIFT_EMIT_LOC_STRINGS = NO;
				SWIFT_VERSION = 5.0;
				TEST_HOST = "$(BUILT_PRODUCTS_DIR)/ShiftEnterHelper.app/$(BUNDLE_EXECUTABLE_FOLDER_PATH)/ShiftEnterHelper";
			};
			name = Debug;
		};
		FB1B411E2E20B18500EAF4AD /* Release */ = {
			isa = XCBuildConfiguration;
			buildSettings = {
				BUNDLE_LOADER = "$(TEST_HOST)";
				CODE_SIGN_STYLE = Automatic;
				CURRENT_PROJECT_VERSION = 1;
				DEVELOPMENT_TEAM = 9WSY8RDNUZ;
				GENERATE_INFOPLIST_FILE = YES;
				MACOSX_DEPLOYMENT_TARGET = 10.14;
				MARKETING_VERSION = 1.0;
				PRODUCT_BUNDLE_IDENTIFIER = dev.shirokuma89.ShiftEnterHelperTests;
				PRODUCT_NAME = "$(TARGET_NAME)";
				SWIFT_EMIT_LOC_STRINGS = NO;
				SWIFT_VERSION = 5.0;
				TEST_HOST = "$(BUILT_PRODUCTS_DIR)/ShiftEnterHelper.app/$(BUNDLE_EXECUTABLE_FOLDER_PATH)/ShiftEnterHelper";
			};
			name = Release;
		};
		FB1B41202E20B18500EAF4AD /* Debug */ = {
			isa = XCBuildConfiguration;
			buildSettings = {
				CODE_SIGN_STYLE = Automatic;
				CURRENT_PROJECT_VERSION = 1;
				DEVELOPMENT_TEAM = 9WSY8RDNUZ;
				GENERATE_INFOPLIST_FILE = YES;
				MARKETING_VERSION = 1.0;
				PRODUCT_BUNDLE_IDENTIFIER = dev.shirokuma89.ShiftEnterHelperUITests;
				PRODUCT_NAME = "$(TARGET_NAME)";
				SWIFT_EMIT_LOC_STRINGS = NO;
				SWIFT_VERSION = 5.0;
				TEST_TARGET_NAME = ShiftEnterHelper;
			};
			name = Debug;
		};
		FB1B41212E20B18500EAF4AD /* Release */ = {
			isa = XCBuildConfiguration;
			buildSettings = {
				CODE_SIGN_STYLE = Automatic;
				CURRENT_PROJECT_VERSION = 1;
				DEVELOPMENT_TEAM = 9WSY8RDNUZ;
				GENERATE_INFOPLIST_FILE = YES;
				MARKETING_VERSION = 1.0;
				PRODUCT_BUNDLE_IDENTIFIER = dev.shirokuma89.ShiftEnterHelperUITests;
				PRODUCT_NAME = "$(TARGET_NAME)";
				SWIFT_EMIT_LOC_STRINGS = NO;
				SWIFT_VERSION = 5.0;
				TEST_TARGET_NAME = ShiftEnterHelper;
			};
			name = Release;
		};
/* End XCBuildConfiguration section */

/* Begin XCConfigurationList section */
		FB1B40C12E20B18400EAF4AD /* Build configuration list for PBXProject "ShiftEnterHelper" */ = {
			isa = XCConfigurationList;
			buildConfigurations = (
				FB1B41162E20B18500EAF4AD /* Debug */,
				FB1B41172E20B18500EAF4AD /* Release */,
			);
			defaultConfigurationIsVisible = 0;
			defaultConfigurationName = Release;
		};
		FB1B41132E20B18500EAF4AD /* Build configuration list for PBXNativeTarget "ShiftEnterHelper Extension" */ = {
			isa = XCConfigurationList;
			buildConfigurations = (
				FB1B41142E20B18500EAF4AD /* Debug */,
				FB1B41152E20B18500EAF4AD /* Release */,
			);
			defaultConfigurationIsVisible = 0;
			defaultConfigurationName = Release;
		};
		FB1B41192E20B18500EAF4AD /* Build configuration list for PBXNativeTarget "ShiftEnterHelper" */ = {
			isa = XCConfigurationList;
			buildConfigurations = (
				FB1B411A2E20B18500EAF4AD /* Debug */,
				FB1B411B2E20B18500EAF4AD /* Release */,
			);
			defaultConfigurationIsVisible = 0;
			defaultConfigurationName = Release;
		};
		FB1B411C2E20B18500EAF4AD /* Build configuration list for PBXNativeTarget "ShiftEnterHelperTests" */ = {
			isa = XCConfigurationList;
			buildConfigurations = (
				FB1B411D2E20B18500EAF4AD /* Debug */,
				FB1B411E2E20B18500EAF4AD /* Release */,
			);
			defaultConfigurationIsVisible = 0;
			defaultConfigurationName = Release;
		};
		FB1B411F2E20B18500EAF4AD /* Build configuration list for PBXNativeTarget "ShiftEnterHelperUITests" */ = {
			isa = XCConfigurationList;
			buildConfigurations = (
				FB1B41202E20B18500EAF4AD /* Debug */,
				FB1B41212E20B18500EAF4AD /* Release */,
			);
			defaultConfigurationIsVisible = 0;
			defaultConfigurationName = Release;
		};
/* End XCConfigurationList section */
	};
	rootObject = FB1B40BE2E20B18400EAF4AD /* Project object */;
}
